// !$*UTF8*$!
{
	archiveVersion = 1;
	classes = {
	};
	objectVersion = 50;
	objects = {

/* Begin PBXBuildFile section */
		E6FBD0D326A99C6D005361BD /* AppDelegate.m in Sources */ = {isa = PBXBuildFile; fileRef = E6FBD0D226A99C6D005361BD /* AppDelegate.m */; };
		E6FBD0D626A99C6D005361BD /* SceneDelegate.m in Sources */ = {isa = PBXBuildFile; fileRef = E6FBD0D526A99C6D005361BD /* SceneDelegate.m */; };
		E6FBD0D926A99C6D005361BD /* ViewController.m in Sources */ = {isa = PBXBuildFile; fileRef = E6FBD0D826A99C6D005361BD /* ViewController.m */; };
		E6FBD0DC26A99C6D005361BD /* Main.storyboard in Resources */ = {isa = PBXBuildFile; fileRef = E6FBD0DA26A99C6D005361BD /* Main.storyboard */; };
		E6FBD0DE26A99C71005361BD /* Assets.xcassets in Resources */ = {isa = PBXBuildFile; fileRef = E6FBD0DD26A99C71005361BD /* Assets.xcassets */; };
		E6FBD0E126A99C71005361BD /* LaunchScreen.storyboard in Resources */ = {isa = PBXBuildFile; fileRef = E6FBD0DF26A99C71005361BD /* LaunchScreen.storyboard */; };
		E6FBD0E426A99C71005361BD /* main.m in Sources */ = {isa = PBXBuildFile; fileRef = E6FBD0E326A99C71005361BD /* main.m */; };
		E6FBD0EC26A99DC1005361BD /* Color.m in Sources */ = {isa = PBXBuildFile; fileRef = E6FBD0EB26A99DC1005361BD /* Color.m */; };
/* End PBXBuildFile section */

/* Begin PBXFileReference section */
		E6FBD0CE26A99C6D005361BD /* pocColors.app */ = {isa = PBXFileReference; explicitFileType = wrapper.application; includeInIndex = 0; path = pocColors.app; sourceTree = BUILT_PRODUCTS_DIR; };
		E6FBD0D126A99C6D005361BD /* AppDelegate.h */ = {isa = PBXFileReference; lastKnownFileType = sourcecode.c.h; path = AppDelegate.h; sourceTree = "<group>"; };
		E6FBD0D226A99C6D005361BD /* AppDelegate.m */ = {isa = PBXFileReference; lastKnownFileType = sourcecode.c.objc; path = AppDelegate.m; sourceTree = "<group>"; };
		E6FBD0D426A99C6D005361BD /* SceneDelegate.h */ = {isa = PBXFileReference; lastKnownFileType = sourcecode.c.h; path = SceneDelegate.h; sourceTree = "<group>"; };
		E6FBD0D526A99C6D005361BD /* SceneDelegate.m */ = {isa = PBXFileReference; lastKnownFileType = sourcecode.c.objc; path = SceneDelegate.m; sourceTree = "<group>"; };
		E6FBD0D726A99C6D005361BD /* ViewController.h */ = {isa = PBXFileReference; lastKnownFileType = sourcecode.c.h; path = ViewController.h; sourceTree = "<group>"; };
		E6FBD0D826A99C6D005361BD /* ViewController.m */ = {isa = PBXFileReference; lastKnownFileType = sourcecode.c.objc; path = ViewController.m; sourceTree = "<group>"; };
		E6FBD0DB26A99C6D005361BD /* Base */ = {isa = PBXFileReference; lastKnownFileType = file.storyboard; name = Base; path = Base.lproj/Main.storyboard; sourceTree = "<group>"; };
		E6FBD0DD26A99C71005361BD /* Assets.xcassets */ = {isa = PBXFileReference; lastKnownFileType = folder.assetcatalog; path = Assets.xcassets; sourceTree = "<group>"; };
		E6FBD0E026A99C71005361BD /* Base */ = {isa = PBXFileReference; lastKnownFileType = file.storyboard; name = Base; path = Base.lproj/LaunchScreen.storyboard; sourceTree = "<group>"; };
		E6FBD0E226A99C71005361BD /* Info.plist */ = {isa = PBXFileReference; lastKnownFileType = text.plist.xml; path = Info.plist; sourceTree = "<group>"; };
		E6FBD0E326A99C71005361BD /* main.m */ = {isa = PBXFileReference; lastKnownFileType = sourcecode.c.objc; path = main.m; sourceTree = "<group>"; };
		E6FBD0EA26A99DC1005361BD /* Color.h */ = {isa = PBXFileReference; lastKnownFileType = sourcecode.c.h; path = Color.h; sourceTree = "<group>"; };
		E6FBD0EB26A99DC1005361BD /* Color.m */ = {isa = PBXFileReference; lastKnownFileType = sourcecode.c.objc; path = Color.m; sourceTree = "<group>"; };
/* End PBXFileReference section */

/* Begin PBXFrameworksBuildPhase section */
		E6FBD0CB26A99C6D005361BD /* Frameworks */ = {
			isa = PBXFrameworksBuildPhase;
			buildActionMask = 2147483647;
			files = (
			);
			runOnlyForDeploymentPostprocessing = 0;
		};
/* End PBXFrameworksBuildPhase section */

/* Begin PBXGroup section */
		7747C25F26AED4F500802D49 /* App */ = {
			isa = PBXGroup;
			children = (
				E6FBD0D126A99C6D005361BD /* AppDelegate.h */,
				E6FBD0D226A99C6D005361BD /* AppDelegate.m */,
				E6FBD0D426A99C6D005361BD /* SceneDelegate.h */,
				E6FBD0D526A99C6D005361BD /* SceneDelegate.m */,
			);
			path = App;
			sourceTree = "<group>";
		};
		7747C26026AED51400802D49 /* Exemple */ = {
			isa = PBXGroup;
			children = (
				E6FBD0DF26A99C71005361BD /* LaunchScreen.storyboard */,
				E6FBD0DD26A99C71005361BD /* Assets.xcassets */,
				E6FBD0DA26A99C6D005361BD /* Main.storyboard */,
				E6FBD0D726A99C6D005361BD /* ViewController.h */,
				E6FBD0D826A99C6D005361BD /* ViewController.m */,
			);
			path = Exemple;
			sourceTree = "<group>";
		};
		E6FBD0C526A99C6D005361BD = {
			isa = PBXGroup;
			children = (
				E6FBD0D026A99C6D005361BD /* pocColors */,
				E6FBD0CF26A99C6D005361BD /* Products */,
			);
			sourceTree = "<group>";
		};
		E6FBD0CF26A99C6D005361BD /* Products */ = {
			isa = PBXGroup;
			children = (
				E6FBD0CE26A99C6D005361BD /* pocColors.app */,
			);
			name = Products;
			sourceTree = "<group>";
		};
		E6FBD0D026A99C6D005361BD /* pocColors */ = {
			isa = PBXGroup;
			children = (
				7747C25F26AED4F500802D49 /* App */,
				7747C26026AED51400802D49 /* Exemple */,
				E6FBD0E326A99C71005361BD /* main.m */,
				E6FBD0EA26A99DC1005361BD /* Color.h */,
				E6FBD0EB26A99DC1005361BD /* Color.m */,
				E6FBD0E226A99C71005361BD /* Info.plist */,
			);
			path = pocColors;
			sourceTree = "<group>";
		};
/* End PBXGroup section */

/* Begin PBXNativeTarget section */
		E6FBD0CD26A99C6D005361BD /* pocColors */ = {
			isa = PBXNativeTarget;
			buildConfigurationList = E6FBD0E726A99C71005361BD /* Build configuration list for PBXNativeTarget "pocColors" */;
			buildPhases = (
				E6FBD0CA26A99C6D005361BD /* Sources */,
				E6FBD0CB26A99C6D005361BD /* Frameworks */,
				E6FBD0CC26A99C6D005361BD /* Resources */,
			);
			buildRules = (
			);
			dependencies = (
			);
			name = pocColors;
			productName = pocColors;
			productReference = E6FBD0CE26A99C6D005361BD /* pocColors.app */;
			productType = "com.apple.product-type.application";
		};
/* End PBXNativeTarget section */

/* Begin PBXProject section */
		E6FBD0C626A99C6D005361BD /* Project object */ = {
			isa = PBXProject;
			attributes = {
				LastUpgradeCheck = 1250;
				TargetAttributes = {
					E6FBD0CD26A99C6D005361BD = {
						CreatedOnToolsVersion = 12.5.1;
						LastSwiftMigration = 1250;
					};
				};
			};
			buildConfigurationList = E6FBD0C926A99C6D005361BD /* Build configuration list for PBXProject "pocColors" */;
			compatibilityVersion = "Xcode 9.3";
			developmentRegion = en;
			hasScannedForEncodings = 0;
			knownRegions = (
				en,
				Base,
			);
			mainGroup = E6FBD0C526A99C6D005361BD;
			productRefGroup = E6FBD0CF26A99C6D005361BD /* Products */;
			projectDirPath = "";
			projectRoot = "";
			targets = (
				E6FBD0CD26A99C6D005361BD /* pocColors */,
			);
		};
/* End PBXProject section */

/* Begin PBXResourcesBuildPhase section */
		E6FBD0CC26A99C6D005361BD /* Resources */ = {
			isa = PBXResourcesBuildPhase;
			buildActionMask = 2147483647;
			files = (
				E6FBD0E126A99C71005361BD /* LaunchScreen.storyboard in Resources */,
				E6FBD0DE26A99C71005361BD /* Assets.xcassets in Resources */,
				E6FBD0DC26A99C6D005361BD /* Main.storyboard in Resources */,
			);
			runOnlyForDeploymentPostprocessing = 0;
		};
/* End PBXResourcesBuildPhase section */

/* Begin PBXSourcesBuildPhase section */
		E6FBD0CA26A99C6D005361BD /* Sources */ = {
			isa = PBXSourcesBuildPhase;
			buildActionMask = 2147483647;
			files = (
				E6FBD0D926A99C6D005361BD /* ViewController.m in Sources */,
				E6FBD0D326A99C6D005361BD /* AppDelegate.m in Sources */,
				E6FBD0EC26A99DC1005361BD /* Color.m in Sources */,
				E6FBD0E426A99C71005361BD /* main.m in Sources */,
				E6FBD0D626A99C6D005361BD /* SceneDelegate.m in Sources */,
			);
			runOnlyForDeploymentPostprocessing = 0;
		};
/* End PBXSourcesBuildPhase section */

/* Begin PBXVariantGroup section */
		E6FBD0DA26A99C6D005361BD /* Main.storyboard */ = {
			isa = PBXVariantGroup;
			children = (
				E6FBD0DB26A99C6D005361BD /* Base */,
			);
			name = Main.storyboard;
			sourceTree = "<group>";
		};
		E6FBD0DF26A99C71005361BD /* LaunchScreen.storyboard */ = {
			isa = PBXVariantGroup;
			children = (
				E6FBD0E026A99C71005361BD /* Base */,
			);
			name = LaunchScreen.storyboard;
			sourceTree = "<group>";
		};
/* End PBXVariantGroup section */

/* Begin XCBuildConfiguration section */
		E6FBD0E526A99C71005361BD /* Debug */ = {
			isa = XCBuildConfiguration;
			buildSettings = {
				ALWAYS_SEARCH_USER_PATHS = NO;
				CLANG_ANALYZER_NONNULL = YES;
				CLANG_ANALYZER_NUMBER_OBJECT_CONVERSION = YES_AGGRESSIVE;
				CLANG_CXX_LANGUAGE_STANDARD = "gnu++14";
				CLANG_CXX_LIBRARY = "libc++";
				CLANG_ENABLE_MODULES = YES;
				CLANG_ENABLE_OBJC_ARC = YES;
				CLANG_ENABLE_OBJC_WEAK = YES;
				CLANG_WARN_BLOCK_CAPTURE_AUTORELEASING = YES;
				CLANG_WARN_BOOL_CONVERSION = YES;
				CLANG_WARN_COMMA = YES;
				CLANG_WARN_CONSTANT_CONVERSION = YES;
				CLANG_WARN_DEPRECATED_OBJC_IMPLEMENTATIONS = YES;
				CLANG_WARN_DIRECT_OBJC_ISA_USAGE = YES_ERROR;
				CLANG_WARN_DOCUMENTATION_COMMENTS = YES;
				CLANG_WARN_EMPTY_BODY = YES;
				CLANG_WARN_ENUM_CONVERSION = YES;
				CLANG_WARN_INFINITE_RECURSION = YES;
				CLANG_WARN_INT_CONVERSION = YES;
				CLANG_WARN_NON_LITERAL_NULL_CONVERSION = YES;
				CLANG_WARN_OBJC_IMPLICIT_RETAIN_SELF = YES;
				CLANG_WARN_OBJC_LITERAL_CONVERSION = YES;
				CLANG_WARN_OBJC_ROOT_CLASS = YES_ERROR;
				CLANG_WARN_QUOTED_INCLUDE_IN_FRAMEWORK_HEADER = YES;
				CLANG_WARN_RANGE_LOOP_ANALYSIS = YES;
				CLANG_WARN_STRICT_PROTOTYPES = YES;
				CLANG_WARN_SUSPICIOUS_MOVE = YES;
				CLANG_WARN_UNGUARDED_AVAILABILITY = YES_AGGRESSIVE;
				CLANG_WARN_UNREACHABLE_CODE = YES;
				CLANG_WARN__DUPLICATE_METHOD_MATCH = YES;
				COPY_PHASE_STRIP = NO;
				DEBUG_INFORMATION_FORMAT = dwarf;
				ENABLE_STRICT_OBJC_MSGSEND = YES;
				ENABLE_TESTABILITY = YES;
				GCC_C_LANGUAGE_STANDARD = gnu11;
				GCC_DYNAMIC_NO_PIC = NO;
				GCC_NO_COMMON_BLOCKS = YES;
				GCC_OPTIMIZATION_LEVEL = 0;
				GCC_PREPROCESSOR_DEFINITIONS = (
					"DEBUG=1",
					"$(inherited)",
				);
				GCC_WARN_64_TO_32_BIT_CONVERSION = YES;
				GCC_WARN_ABOUT_RETURN_TYPE = YES_ERROR;
				GCC_WARN_UNDECLARED_SELECTOR = YES;
				GCC_WARN_UNINITIALIZED_AUTOS = YES_AGGRESSIVE;
				GCC_WARN_UNUSED_FUNCTION = YES;
				GCC_WARN_UNUSED_VARIABLE = YES;
				IPHONEOS_DEPLOYMENT_TARGET = 14.5;
				MTL_ENABLE_DEBUG_INFO = INCLUDE_SOURCE;
				MTL_FAST_MATH = YES;
				ONLY_ACTIVE_ARCH = YES;
				SDKROOT = iphoneos;
			};
			name = Debug;
		};
		E6FBD0E626A99C71005361BD /* Release */ = {
			isa = XCBuildConfiguration;
			buildSettings = {
				ALWAYS_SEARCH_USER_PATHS = NO;
				CLANG_ANALYZER_NONNULL = YES;
				CLANG_ANALYZER_NUMBER_OBJECT_CONVERSION = YES_AGGRESSIVE;
				CLANG_CXX_LANGUAGE_STANDARD = "gnu++14";
				CLANG_CXX_LIBRARY = "libc++";
				CLANG_ENABLE_MODULES = YES;
				CLANG_ENABLE_OBJC_ARC = YES;
				CLANG_ENABLE_OBJC_WEAK = YES;
				CLANG_WARN_BLOCK_CAPTURE_AUTORELEASING = YES;
				CLANG_WARN_BOOL_CONVERSION = YES;
				CLANG_WARN_COMMA = YES;
				CLANG_WARN_CONSTANT_CONVERSION = YES;
				CLANG_WARN_DEPRECATED_OBJC_IMPLEMENTATIONS = YES;
				CLANG_WARN_DIRECT_OBJC_ISA_USAGE = YES_ERROR;
				CLANG_WARN_DOCUMENTATION_COMMENTS = YES;
				CLANG_WARN_EMPTY_BODY = YES;
				CLANG_WARN_ENUM_CONVERSION = YES;
				CLANG_WARN_INFINITE_RECURSION = YES;
				CLANG_WARN_INT_CONVERSION = YES;
				CLANG_WARN_NON_LITERAL_NULL_CONVERSION = YES;
				CLANG_WARN_OBJC_IMPLICIT_RETAIN_SELF = YES;
				CLANG_WARN_OBJC_LITERAL_CONVERSION = YES;
				CLANG_WARN_OBJC_ROOT_CLASS = YES_ERROR;
				CLANG_WARN_QUOTED_INCLUDE_IN_FRAMEWORK_HEADER = YES;
				CLANG_WARN_RANGE_LOOP_ANALYSIS = YES;
				CLANG_WARN_STRICT_PROTOTYPES = YES;
				CLANG_WARN_SUSPICIOUS_MOVE = YES;
				CLANG_WARN_UNGUARDED_AVAILABILITY = YES_AGGRESSIVE;
				CLANG_WARN_UNREACHABLE_CODE = YES;
				CLANG_WARN__DUPLICATE_METHOD_MATCH = YES;
				COPY_PHASE_STRIP = NO;
				DEBUG_INFORMATION_FORMAT = "dwarf-with-dsym";
				ENABLE_NS_ASSERTIONS = NO;
				ENABLE_STRICT_OBJC_MSGSEND = YES;
				GCC_C_LANGUAGE_STANDARD = gnu11;
				GCC_NO_COMMON_BLOCKS = YES;
				GCC_WARN_64_TO_32_BIT_CONVERSION = YES;
				GCC_WARN_ABOUT_RETURN_TYPE = YES_ERROR;
				GCC_WARN_UNDECLARED_SELECTOR = YES;
				GCC_WARN_UNINITIALIZED_AUTOS = YES_AGGRESSIVE;
				GCC_WARN_UNUSED_FUNCTION = YES;
				GCC_WARN_UNUSED_VARIABLE = YES;
				IPHONEOS_DEPLOYMENT_TARGET = 14.5;
				MTL_ENABLE_DEBUG_INFO = NO;
				MTL_FAST_MATH = YES;
				SDKROOT = iphoneos;
				VALIDATE_PRODUCT = YES;
			};
			name = Release;
		};
		E6FBD0E826A99C71005361BD /* Debug */ = {
			isa = XCBuildConfiguration;
			buildSettings = {
				ASSETCATALOG_COMPILER_APPICON_NAME = AppIcon;
				ASSETCATALOG_COMPILER_GLOBAL_ACCENT_COLOR_NAME = AccentColor;
				CLANG_ENABLE_MODULES = YES;
				CODE_SIGN_STYLE = Automatic;
				DEVELOPMENT_TEAM = QQK85Y8S7P;
				INFOPLIST_FILE = pocColors/Info.plist;
				LD_RUNPATH_SEARCH_PATHS = (
					"$(inherited)",
					"@executable_path/Frameworks",
				);
				PRODUCT_BUNDLE_IDENTIFIER = com.brenaamorim.pocColors;
				PRODUCT_NAME = "$(TARGET_NAME)";
				SWIFT_OBJC_BRIDGING_HEADER = "pocColors/pocColors-Bridging-Header.h";
				SWIFT_OPTIMIZATION_LEVEL = "-Onone";
				SWIFT_VERSION = 5.0;
				TARGETED_DEVICE_FAMILY = "1,2";
			};
			name = Debug;
		};
		E6FBD0E926A99C71005361BD /* Release */ = {
			isa = XCBuildConfiguration;
			buildSettings = {
				ASSETCATALOG_COMPILER_APPICON_NAME = AppIcon;
				ASSETCATALOG_COMPILER_GLOBAL_ACCENT_COLOR_NAME = AccentColor;
				CLANG_ENABLE_MODULES = YES;
				CODE_SIGN_STYLE = Automatic;
				DEVELOPMENT_TEAM = QQK85Y8S7P;
				INFOPLIST_FILE = pocColors/Info.plist;
				LD_RUNPATH_SEARCH_PATHS = (
					"$(inherited)",
					"@executable_path/Frameworks",
				);
				PRODUCT_BUNDLE_IDENTIFIER = com.brenaamorim.pocColors;
				PRODUCT_NAME = "$(TARGET_NAME)";
				SWIFT_OBJC_BRIDGING_HEADER = "pocColors/pocColors-Bridging-Header.h";
				SWIFT_VERSION = 5.0;
				TARGETED_DEVICE_FAMILY = "1,2";
			};
			name = Release;
		};
/* End XCBuildConfiguration section */

/* Begin XCConfigurationList section */
		E6FBD0C926A99C6D005361BD /* Build configuration list for PBXProject "pocColors" */ = {
			isa = XCConfigurationList;
			buildConfigurations = (
				E6FBD0E526A99C71005361BD /* Debug */,
				E6FBD0E626A99C71005361BD /* Release */,
			);
			defaultConfigurationIsVisible = 0;
			defaultConfigurationName = Release;
		};
		E6FBD0E726A99C71005361BD /* Build configuration list for PBXNativeTarget "pocColors" */ = {
			isa = XCConfigurationList;
			buildConfigurations = (
				E6FBD0E826A99C71005361BD /* Debug */,
				E6FBD0E926A99C71005361BD /* Release */,
			);
			defaultConfigurationIsVisible = 0;
			defaultConfigurationName = Release;
		};
/* End XCConfigurationList section */
	};
	rootObject = E6FBD0C626A99C6D005361BD /* Project object */;
}
